<?xml version="1.0" encoding="UTF-8"?>
<CodeBlocks_project_file>
	<FileVersion major="1" minor="6"/>
	<Project>
		<Option title="lab_10"/>
		<Option makefile_is_custom="1"/>
		<Option compiler="gcc"/>
		<Option virtualFolders="CMake Files\;"/>
		<Build>
			<Target title="all">
				<Option working_dir="/home/kira/beginningToCpp/lab_10"/>
				<Option type="4"/>
				<MakeCommands>
					<Build command="/usr/bin/make -f &quot;/home/kira/beginningToCpp/lab_10/Makefile&quot;  VERBOSE=1 all"/>
					<CompileFile command="/usr/bin/make -f &quot;/home/kira/beginningToCpp/lab_10/Makefile&quot;  VERBOSE=1 &quot;$file&quot;"/>
					<Clean command="/usr/bin/make -f &quot;/home/kira/beginningToCpp/lab_10/Makefile&quot;  VERBOSE=1 clean"/>
					<DistClean command="/usr/bin/make -f &quot;/home/kira/beginningToCpp/lab_10/Makefile&quot;  VERBOSE=1 clean"/>
				</MakeCommands>
			</Target>
			<Target title="edit_cache">
				<Option working_dir="/home/kira/beginningToCpp/lab_10"/>
				<Option type="4"/>
				<MakeCommands>
					<Build command="/usr/bin/make -f &quot;/home/kira/beginningToCpp/lab_10/Makefile&quot;  VERBOSE=1 edit_cache"/>
					<CompileFile command="/usr/bin/make -f &quot;/home/kira/beginningToCpp/lab_10/Makefile&quot;  VERBOSE=1 &quot;$file&quot;"/>
					<Clean command="/usr/bin/make -f &quot;/home/kira/beginningToCpp/lab_10/Makefile&quot;  VERBOSE=1 clean"/>
					<DistClean command="/usr/bin/make -f &quot;/home/kira/beginningToCpp/lab_10/Makefile&quot;  VERBOSE=1 clean"/>
				</MakeCommands>
			</Target>
			<Target title="rebuild_cache">
				<Option working_dir="/home/kira/beginningToCpp/lab_10"/>
				<Option type="4"/>
				<MakeCommands>
					<Build command="/usr/bin/make -f &quot;/home/kira/beginningToCpp/lab_10/Makefile&quot;  VERBOSE=1 rebuild_cache"/>
					<CompileFile command="/usr/bin/make -f &quot;/home/kira/beginningToCpp/lab_10/Makefile&quot;  VERBOSE=1 &quot;$file&quot;"/>
					<Clean command="/usr/bin/make -f &quot;/home/kira/beginningToCpp/lab_10/Makefile&quot;  VERBOSE=1 clean"/>
					<DistClean command="/usr/bin/make -f &quot;/home/kira/beginningToCpp/lab_10/Makefile&quot;  VERBOSE=1 clean"/>
				</MakeCommands>
			</Target>
			<Target title="lab_10">
				<Option output="/home/kira/beginningToCpp/lab_10/lab_10" prefix_auto="0" extension_auto="0"/>
				<Option working_dir="/home/kira/beginningToCpp/lab_10"/>
				<Option object_output="./"/>
				<Option type="1"/>
				<Option compiler="gcc"/>
				<Compiler>
					<Add directory="/home/kira/beginningToCpp/lab_10/."/>
					<Add directory="/home/kira/beginningToCpp/lab_10/src"/>
					<Add directory="/home/kira/beginningToCpp/lab_10/include"/>
				</Compiler>
				<MakeCommands>
					<Build command="/usr/bin/make -f &quot;/home/kira/beginningToCpp/lab_10/Makefile&quot;  VERBOSE=1 lab_10"/>
					<CompileFile command="/usr/bin/make -f &quot;/home/kira/beginningToCpp/lab_10/Makefile&quot;  VERBOSE=1 &quot;$file&quot;"/>
					<Clean command="/usr/bin/make -f &quot;/home/kira/beginningToCpp/lab_10/Makefile&quot;  VERBOSE=1 clean"/>
					<DistClean command="/usr/bin/make -f &quot;/home/kira/beginningToCpp/lab_10/Makefile&quot;  VERBOSE=1 clean"/>
				</MakeCommands>
			</Target>
			<Target title="lab_10/fast">
				<Option output="/home/kira/beginningToCpp/lab_10/lab_10" prefix_auto="0" extension_auto="0"/>
				<Option working_dir="/home/kira/beginningToCpp/lab_10"/>
				<Option object_output="./"/>
				<Option type="1"/>
				<Option compiler="gcc"/>
				<Compiler>
					<Add directory="/home/kira/beginningToCpp/lab_10/."/>
					<Add directory="/home/kira/beginningToCpp/lab_10/src"/>
					<Add directory="/home/kira/beginningToCpp/lab_10/include"/>
				</Compiler>
				<MakeCommands>
					<Build command="/usr/bin/make -f &quot;/home/kira/beginningToCpp/lab_10/Makefile&quot;  VERBOSE=1 lab_10/fast"/>
					<CompileFile command="/usr/bin/make -f &quot;/home/kira/beginningToCpp/lab_10/Makefile&quot;  VERBOSE=1 &quot;$file&quot;"/>
					<Clean command="/usr/bin/make -f &quot;/home/kira/beginningToCpp/lab_10/Makefile&quot;  VERBOSE=1 clean"/>
					<DistClean command="/usr/bin/make -f &quot;/home/kira/beginningToCpp/lab_10/Makefile&quot;  VERBOSE=1 clean"/>
				</MakeCommands>
			</Target>
		</Build>
		<Unit filename="/home/kira/beginningToCpp/lab_10/include/employees.h">
			<Option target="lab_10"/>
		</Unit>
		<Unit filename="/home/kira/beginningToCpp/lab_10/src/employees.cpp">
			<Option target="lab_10"/>
		</Unit>
		<Unit filename="/home/kira/beginningToCpp/lab_10/src/main.cpp">
			<Option target="lab_10"/>
		</Unit>
		<Unit filename="/home/kira/beginningToCpp/lab_10/CMakeLists.txt">
			<Option virtualFolder="CMake Files\"/>
		</Unit>
	</Project>
</CodeBlocks_project_file>
